
Microsoft Visual Studio Solution File, Format Version 12.00
# Visual Studio Version 17
VisualStudioVersion = 17.10.35122.118
MinimumVisualStudioVersion = 10.0.40219.1
Project("{FAE04EC0-301F-11D3-BF4B-00C04F79EFBC}") = "Movie Database", "Movie Database.csproj", "{D3B5F225-D211-4E7B-9CD3-32EE42927582}"
EndProject
Global
	GlobalSection(SolutionConfigurationPlatforms) = preSolution
		Debug|Any CPU = Debug|Any CPU
		Release|Any CPU = Release|Any CPU
	EndGlobalSection
	GlobalSection(ProjectConfigurationPlatforms) = postSolution
		{D3B5F225-D211-4E7B-9CD3-32EE42927582}.Debug|Any CPU.ActiveCfg = Debug|Any CPU
		{D3B5F225-D211-4E7B-9CD3-32EE42927582}.Debug|Any CPU.Build.0 = Debug|Any CPU
		{D3B5F225-D211-4E7B-9CD3-32EE42927582}.Release|Any CPU.ActiveCfg = Release|Any CPU
		{D3B5F225-D211-4E7B-9CD3-32EE42927582}.Release|Any CPU.Build.0 = Release|Any CPU
	EndGlobalSection
	GlobalSection(SolutionProperties) = preSolution
		HideSolutionNode = FALSE
	EndGlobalSection
	GlobalSection(ExtensibilityGlobals) = postSolution
		SolutionGuid = {55298E2B-7B06-4178-BB60-FDA03A2775EA}
	EndGlobalSection
EndGlobal
